
Microsoft Visual Studio Solution File, Format Version 12.00
# Visual Studio Version 16
VisualStudioVersion = 16.0.31624.102
MinimumVisualStudioVersion = 10.0.40219.1
Project("{9A19103F-16F7-4668-BE54-9A1E7A4F7556}") = "Assignment2", "Assignment2\Assignment2.csproj", "{1A6FF16E-1115-432B-AE53-B2F5E3A1ABE7}"
EndProject
Project("{9A19103F-16F7-4668-BE54-9A1E7A4F7556}") = "Assignment2.Tests", "Assignment2.Tests\Assignment2.Tests.csproj", "{4258197B-F567-49B6-8FCC-C48D33B34408}"
EndProject
Global
	GlobalSection(SolutionConfigurationPlatforms) = preSolution
		Debug|Any CPU = Debug|Any CPU
		Release|Any CPU = Release|Any CPU
	EndGlobalSection
	GlobalSection(ProjectConfigurationPlatforms) = postSolution
		{1A6FF16E-1115-432B-AE53-B2F5E3A1ABE7}.Debug|Any CPU.ActiveCfg = Debug|Any CPU
		{1A6FF16E-1115-432B-AE53-B2F5E3A1ABE7}.Debug|Any CPU.Build.0 = Debug|Any CPU
		{1A6FF16E-1115-432B-AE53-B2F5E3A1ABE7}.Release|Any CPU.ActiveCfg = Release|Any CPU
		{1A6FF16E-1115-432B-AE53-B2F5E3A1ABE7}.Release|Any CPU.Build.0 = Release|Any CPU
		{4258197B-F567-49B6-8FCC-C48D33B34408}.Debug|Any CPU.ActiveCfg = Debug|Any CPU
		{4258197B-F567-49B6-8FCC-C48D33B34408}.Debug|Any CPU.Build.0 = Debug|Any CPU
		{4258197B-F567-49B6-8FCC-C48D33B34408}.Release|Any CPU.ActiveCfg = Release|Any CPU
		{4258197B-F567-49B6-8FCC-C48D33B34408}.Release|Any CPU.Build.0 = Release|Any CPU
	EndGlobalSection
	GlobalSection(SolutionProperties) = preSolution
		HideSolutionNode = FALSE
	EndGlobalSection
	GlobalSection(ExtensibilityGlobals) = postSolution
		SolutionGuid = {323CF218-6C25-47F4-BA0D-E761142358BD}
	EndGlobalSection
EndGlobal
